// !$*UTF8*$!
{
	archiveVersion = 1;
	classes = {
	};
	objectVersion = 56;
	objects = {

/* Begin PBXBuildFile section */
		604FEB8529D6EE3700E8F8AB /* CurrentWeatherDataModel.swift in Sources */ = {isa = PBXBuildFile; fileRef = 604FEB8429D6EE3700E8F8AB /* CurrentWeatherDataModel.swift */; };
		604FEB8729D715C200E8F8AB /* CurrentWeather.swift in Sources */ = {isa = PBXBuildFile; fileRef = 604FEB8629D715C200E8F8AB /* CurrentWeather.swift */; };
		6069BFCB29D69F77004F4D24 /* AppDelegate.swift in Sources */ = {isa = PBXBuildFile; fileRef = 6069BFCA29D69F77004F4D24 /* AppDelegate.swift */; };
		6069BFCD29D69F78004F4D24 /* SceneDelegate.swift in Sources */ = {isa = PBXBuildFile; fileRef = 6069BFCC29D69F78004F4D24 /* SceneDelegate.swift */; };
		6069BFCF29D69F78004F4D24 /* ViewController.swift in Sources */ = {isa = PBXBuildFile; fileRef = 6069BFCE29D69F78004F4D24 /* ViewController.swift */; };
		6069BFD429D69F79004F4D24 /* Assets.xcassets in Resources */ = {isa = PBXBuildFile; fileRef = 6069BFD329D69F79004F4D24 /* Assets.xcassets */; };
		6069BFD729D69F79004F4D24 /* LaunchScreen.storyboard in Resources */ = {isa = PBXBuildFile; fileRef = 6069BFD529D69F79004F4D24 /* LaunchScreen.storyboard */; };
		6069BFE029D6A151004F4D24 /* SnapKit in Frameworks */ = {isa = PBXBuildFile; productRef = 6069BFDF29D6A151004F4D24 /* SnapKit */; };
		6069BFE229D6BABE004F4D24 /* NetworkWeatherManager.swift in Sources */ = {isa = PBXBuildFile; fileRef = 6069BFE129D6BABE004F4D24 /* NetworkWeatherManager.swift */; };
/* End PBXBuildFile section */

/* Begin PBXFileReference section */
		604FEB8429D6EE3700E8F8AB /* CurrentWeatherDataModel.swift */ = {isa = PBXFileReference; lastKnownFileType = sourcecode.swift; path = CurrentWeatherDataModel.swift; sourceTree = "<group>"; };
		604FEB8629D715C200E8F8AB /* CurrentWeather.swift */ = {isa = PBXFileReference; lastKnownFileType = sourcecode.swift; path = CurrentWeather.swift; sourceTree = "<group>"; };
		6069BFC729D69F77004F4D24 /* Weather api practice.app */ = {isa = PBXFileReference; explicitFileType = wrapper.application; includeInIndex = 0; path = "Weather api practice.app"; sourceTree = BUILT_PRODUCTS_DIR; };
		6069BFCA29D69F77004F4D24 /* AppDelegate.swift */ = {isa = PBXFileReference; lastKnownFileType = sourcecode.swift; path = AppDelegate.swift; sourceTree = "<group>"; };
		6069BFCC29D69F78004F4D24 /* SceneDelegate.swift */ = {isa = PBXFileReference; lastKnownFileType = sourcecode.swift; path = SceneDelegate.swift; sourceTree = "<group>"; };
		6069BFCE29D69F78004F4D24 /* ViewController.swift */ = {isa = PBXFileReference; lastKnownFileType = sourcecode.swift; path = ViewController.swift; sourceTree = "<group>"; };
		6069BFD329D69F79004F4D24 /* Assets.xcassets */ = {isa = PBXFileReference; lastKnownFileType = folder.assetcatalog; path = Assets.xcassets; sourceTree = "<group>"; };
		6069BFD629D69F79004F4D24 /* Base */ = {isa = PBXFileReference; lastKnownFileType = file.storyboard; name = Base; path = Base.lproj/LaunchScreen.storyboard; sourceTree = "<group>"; };
		6069BFD829D69F79004F4D24 /* Info.plist */ = {isa = PBXFileReference; lastKnownFileType = text.plist.xml; path = Info.plist; sourceTree = "<group>"; };
		6069BFE129D6BABE004F4D24 /* NetworkWeatherManager.swift */ = {isa = PBXFileReference; lastKnownFileType = sourcecode.swift; path = NetworkWeatherManager.swift; sourceTree = "<group>"; };
/* End PBXFileReference section */

/* Begin PBXFrameworksBuildPhase section */
		6069BFC429D69F77004F4D24 /* Frameworks */ = {
			isa = PBXFrameworksBuildPhase;
			buildActionMask = 2147483647;
			files = (
				6069BFE029D6A151004F4D24 /* SnapKit in Frameworks */,
			);
			runOnlyForDeploymentPostprocessing = 0;
		};
/* End PBXFrameworksBuildPhase section */

/* Begin PBXGroup section */
		6069BFBE29D69F77004F4D24 = {
			isa = PBXGroup;
			children = (
				6069BFC929D69F77004F4D24 /* Weather api practice */,
				6069BFC829D69F77004F4D24 /* Products */,
			);
			sourceTree = "<group>";
		};
		6069BFC829D69F77004F4D24 /* Products */ = {
			isa = PBXGroup;
			children = (
				6069BFC729D69F77004F4D24 /* Weather api practice.app */,
			);
			name = Products;
			sourceTree = "<group>";
		};
		6069BFC929D69F77004F4D24 /* Weather api practice */ = {
			isa = PBXGroup;
			children = (
				6069BFCA29D69F77004F4D24 /* AppDelegate.swift */,
				6069BFCC29D69F78004F4D24 /* SceneDelegate.swift */,
				6069BFCE29D69F78004F4D24 /* ViewController.swift */,
				6069BFD329D69F79004F4D24 /* Assets.xcassets */,
				6069BFD529D69F79004F4D24 /* LaunchScreen.storyboard */,
				6069BFD829D69F79004F4D24 /* Info.plist */,
				6069BFE129D6BABE004F4D24 /* NetworkWeatherManager.swift */,
				604FEB8429D6EE3700E8F8AB /* CurrentWeatherDataModel.swift */,
				604FEB8629D715C200E8F8AB /* CurrentWeather.swift */,
			);
			path = "Weather api practice";
			sourceTree = "<group>";
		};
/* End PBXGroup section */

/* Begin PBXNativeTarget section */
		6069BFC629D69F77004F4D24 /* Weather api practice */ = {
			isa = PBXNativeTarget;
			buildConfigurationList = 6069BFDB29D69F79004F4D24 /* Build configuration list for PBXNativeTarget "Weather api practice" */;
			buildPhases = (
				6069BFC329D69F77004F4D24 /* Sources */,
				6069BFC429D69F77004F4D24 /* Frameworks */,
				6069BFC529D69F77004F4D24 /* Resources */,
			);
			buildRules = (
			);
			dependencies = (
			);
			name = "Weather api practice";
			packageProductDependencies = (
				6069BFDF29D6A151004F4D24 /* SnapKit */,
			);
			productName = "Weather api practice";
			productReference = 6069BFC729D69F77004F4D24 /* Weather api practice.app */;
			productType = "com.apple.product-type.application";
		};
/* End PBXNativeTarget section */

/* Begin PBXProject section */
		6069BFBF29D69F77004F4D24 /* Project object */ = {
			isa = PBXProject;
			attributes = {
				BuildIndependentTargetsInParallel = 1;
				LastSwiftUpdateCheck = 1400;
				LastUpgradeCheck = 1400;
				TargetAttributes = {
					6069BFC629D69F77004F4D24 = {
						CreatedOnToolsVersion = 14.0.1;
					};
				};
			};
			buildConfigurationList = 6069BFC229D69F77004F4D24 /* Build configuration list for PBXProject "Weather api practice" */;
			compatibilityVersion = "Xcode 14.0";
			developmentRegion = en;
			hasScannedForEncodings = 0;
			knownRegions = (
				en,
				Base,
			);
			mainGroup = 6069BFBE29D69F77004F4D24;
			packageReferences = (
				6069BFDE29D6A151004F4D24 /* XCRemoteSwiftPackageReference "SnapKit" */,
			);
			productRefGroup = 6069BFC829D69F77004F4D24 /* Products */;
			projectDirPath = "";
			projectRoot = "";
			targets = (
				6069BFC629D69F77004F4D24 /* Weather api practice */,
			);
		};
/* End PBXProject section */

/* Begin PBXResourcesBuildPhase section */
		6069BFC529D69F77004F4D24 /* Resources */ = {
			isa = PBXResourcesBuildPhase;
			buildActionMask = 2147483647;
			files = (
				6069BFD729D69F79004F4D24 /* LaunchScreen.storyboard in Resources */,
				6069BFD429D69F79004F4D24 /* Assets.xcassets in Resources */,
			);
			runOnlyForDeploymentPostprocessing = 0;
		};
/* End PBXResourcesBuildPhase section */

/* Begin PBXSourcesBuildPhase section */
		6069BFC329D69F77004F4D24 /* Sources */ = {
			isa = PBXSourcesBuildPhase;
			buildActionMask = 2147483647;
			files = (
				6069BFCF29D69F78004F4D24 /* ViewController.swift in Sources */,
				604FEB8529D6EE3700E8F8AB /* CurrentWeatherDataModel.swift in Sources */,
				6069BFCB29D69F77004F4D24 /* AppDelegate.swift in Sources */,
				6069BFCD29D69F78004F4D24 /* SceneDelegate.swift in Sources */,
				604FEB8729D715C200E8F8AB /* CurrentWeather.swift in Sources */,
				6069BFE229D6BABE004F4D24 /* NetworkWeatherManager.swift in Sources */,
			);
			runOnlyForDeploymentPostprocessing = 0;
		};
/* End PBXSourcesBuildPhase section */

/* Begin PBXVariantGroup section */
		6069BFD529D69F79004F4D24 /* LaunchScreen.storyboard */ = {
			isa = PBXVariantGroup;
			children = (
				6069BFD629D69F79004F4D24 /* Base */,
			);
			name = LaunchScreen.storyboard;
			sourceTree = "<group>";
		};
/* End PBXVariantGroup section */

/* Begin XCBuildConfiguration section */
		6069BFD929D69F79004F4D24 /* Debug */ = {
			isa = XCBuildConfiguration;
			buildSettings = {
				ALWAYS_SEARCH_USER_PATHS = NO;
				CLANG_ANALYZER_NONNULL = YES;
				CLANG_ANALYZER_NUMBER_OBJECT_CONVERSION = YES_AGGRESSIVE;
				CLANG_CXX_LANGUAGE_STANDARD = "gnu++20";
				CLANG_ENABLE_MODULES = YES;
				CLANG_ENABLE_OBJC_ARC = YES;
				CLANG_ENABLE_OBJC_WEAK = YES;
				CLANG_WARN_BLOCK_CAPTURE_AUTORELEASING = YES;
				CLANG_WARN_BOOL_CONVERSION = YES;
				CLANG_WARN_COMMA = YES;
				CLANG_WARN_CONSTANT_CONVERSION = YES;
				CLANG_WARN_DEPRECATED_OBJC_IMPLEMENTATIONS = YES;
				CLANG_WARN_DIRECT_OBJC_ISA_USAGE = YES_ERROR;
				CLANG_WARN_DOCUMENTATION_COMMENTS = YES;
				CLANG_WARN_EMPTY_BODY = YES;
				CLANG_WARN_ENUM_CONVERSION = YES;
				CLANG_WARN_INFINITE_RECURSION = YES;
				CLANG_WARN_INT_CONVERSION = YES;
				CLANG_WARN_NON_LITERAL_NULL_CONVERSION = YES;
				CLANG_WARN_OBJC_IMPLICIT_RETAIN_SELF = YES;
				CLANG_WARN_OBJC_LITERAL_CONVERSION = YES;
				CLANG_WARN_OBJC_ROOT_CLASS = YES_ERROR;
				CLANG_WARN_QUOTED_INCLUDE_IN_FRAMEWORK_HEADER = YES;
				CLANG_WARN_RANGE_LOOP_ANALYSIS = YES;
				CLANG_WARN_STRICT_PROTOTYPES = YES;
				CLANG_WARN_SUSPICIOUS_MOVE = YES;
				CLANG_WARN_UNGUARDED_AVAILABILITY = YES_AGGRESSIVE;
				CLANG_WARN_UNREACHABLE_CODE = YES;
				CLANG_WARN__DUPLICATE_METHOD_MATCH = YES;
				COPY_PHASE_STRIP = NO;
				DEBUG_INFORMATION_FORMAT = dwarf;
				ENABLE_STRICT_OBJC_MSGSEND = YES;
				ENABLE_TESTABILITY = YES;
				GCC_C_LANGUAGE_STANDARD = gnu11;
				GCC_DYNAMIC_NO_PIC = NO;
				GCC_NO_COMMON_BLOCKS = YES;
				GCC_OPTIMIZATION_LEVEL = 0;
				GCC_PREPROCESSOR_DEFINITIONS = (
					"DEBUG=1",
					"$(inherited)",
				);
				GCC_WARN_64_TO_32_BIT_CONVERSION = YES;
				GCC_WARN_ABOUT_RETURN_TYPE = YES_ERROR;
				GCC_WARN_UNDECLARED_SELECTOR = YES;
				GCC_WARN_UNINITIALIZED_AUTOS = YES_AGGRESSIVE;
				GCC_WARN_UNUSED_FUNCTION = YES;
				GCC_WARN_UNUSED_VARIABLE = YES;
				IPHONEOS_DEPLOYMENT_TARGET = 16.0;
				MTL_ENABLE_DEBUG_INFO = INCLUDE_SOURCE;
				MTL_FAST_MATH = YES;
				ONLY_ACTIVE_ARCH = YES;
				SDKROOT = iphoneos;
				SWIFT_ACTIVE_COMPILATION_CONDITIONS = DEBUG;
				SWIFT_OPTIMIZATION_LEVEL = "-Onone";
			};
			name = Debug;
		};
		6069BFDA29D69F79004F4D24 /* Release */ = {
			isa = XCBuildConfiguration;
			buildSettings = {
				ALWAYS_SEARCH_USER_PATHS = NO;
				CLANG_ANALYZER_NONNULL = YES;
				CLANG_ANALYZER_NUMBER_OBJECT_CONVERSION = YES_AGGRESSIVE;
				CLANG_CXX_LANGUAGE_STANDARD = "gnu++20";
				CLANG_ENABLE_MODULES = YES;
				CLANG_ENABLE_OBJC_ARC = YES;
				CLANG_ENABLE_OBJC_WEAK = YES;
				CLANG_WARN_BLOCK_CAPTURE_AUTORELEASING = YES;
				CLANG_WARN_BOOL_CONVERSION = YES;
				CLANG_WARN_COMMA = YES;
				CLANG_WARN_CONSTANT_CONVERSION = YES;
				CLANG_WARN_DEPRECATED_OBJC_IMPLEMENTATIONS = YES;
				CLANG_WARN_DIRECT_OBJC_ISA_USAGE = YES_ERROR;
				CLANG_WARN_DOCUMENTATION_COMMENTS = YES;
				CLANG_WARN_EMPTY_BODY = YES;
				CLANG_WARN_ENUM_CONVERSION = YES;
				CLANG_WARN_INFINITE_RECURSION = YES;
				CLANG_WARN_INT_CONVERSION = YES;
				CLANG_WARN_NON_LITERAL_NULL_CONVERSION = YES;
				CLANG_WARN_OBJC_IMPLICIT_RETAIN_SELF = YES;
				CLANG_WARN_OBJC_LITERAL_CONVERSION = YES;
				CLANG_WARN_OBJC_ROOT_CLASS = YES_ERROR;
				CLANG_WARN_QUOTED_INCLUDE_IN_FRAMEWORK_HEADER = YES;
				CLANG_WARN_RANGE_LOOP_ANALYSIS = YES;
				CLANG_WARN_STRICT_PROTOTYPES = YES;
				CLANG_WARN_SUSPICIOUS_MOVE = YES;
				CLANG_WARN_UNGUARDED_AVAILABILITY = YES_AGGRESSIVE;
				CLANG_WARN_UNREACHABLE_CODE = YES;
				CLANG_WARN__DUPLICATE_METHOD_MATCH = YES;
				COPY_PHASE_STRIP = NO;
				DEBUG_INFORMATION_FORMAT = "dwarf-with-dsym";
				ENABLE_NS_ASSERTIONS = NO;
				ENABLE_STRICT_OBJC_MSGSEND = YES;
				GCC_C_LANGUAGE_STANDARD = gnu11;
				GCC_NO_COMMON_BLOCKS = YES;
				GCC_WARN_64_TO_32_BIT_CONVERSION = YES;
				GCC_WARN_ABOUT_RETURN_TYPE = YES_ERROR;
				GCC_WARN_UNDECLARED_SELECTOR = YES;
				GCC_WARN_UNINITIALIZED_AUTOS = YES_AGGRESSIVE;
				GCC_WARN_UNUSED_FUNCTION = YES;
				GCC_WARN_UNUSED_VARIABLE = YES;
				IPHONEOS_DEPLOYMENT_TARGET = 16.0;
				MTL_ENABLE_DEBUG_INFO = NO;
				MTL_FAST_MATH = YES;
				SDKROOT = iphoneos;
				SWIFT_COMPILATION_MODE = wholemodule;
				SWIFT_OPTIMIZATION_LEVEL = "-O";
				VALIDATE_PRODUCT = YES;
			};
			name = Release;
		};
		6069BFDC29D69F79004F4D24 /* Debug */ = {
			isa = XCBuildConfiguration;
			buildSettings = {
				ASSETCATALOG_COMPILER_APPICON_NAME = AppIcon;
				ASSETCATALOG_COMPILER_GLOBAL_ACCENT_COLOR_NAME = AccentColor;
				CODE_SIGN_STYLE = Automatic;
				CURRENT_PROJECT_VERSION = 1;
				DEVELOPMENT_TEAM = 6YX8RWQNTP;
				GENERATE_INFOPLIST_FILE = YES;
				INFOPLIST_FILE = "Weather api practice/Info.plist";
				INFOPLIST_KEY_UIApplicationSupportsIndirectInputEvents = YES;
				INFOPLIST_KEY_UILaunchStoryboardName = LaunchScreen;
				INFOPLIST_KEY_UISupportedInterfaceOrientations_iPad = "UIInterfaceOrientationPortrait UIInterfaceOrientationPortraitUpsideDown UIInterfaceOrientationLandscapeLeft UIInterfaceOrientationLandscapeRight";
				INFOPLIST_KEY_UISupportedInterfaceOrientations_iPhone = "UIInterfaceOrientationPortrait UIInterfaceOrientationLandscapeLeft UIInterfaceOrientationLandscapeRight";
				LD_RUNPATH_SEARCH_PATHS = (
					"$(inherited)",
					"@executable_path/Frameworks",
				);
				MARKETING_VERSION = 1.0;
				PRODUCT_BUNDLE_IDENTIFIER = "adlet.zhan.Weather-api-practice";
				PRODUCT_NAME = "$(TARGET_NAME)";
				SWIFT_EMIT_LOC_STRINGS = YES;
				SWIFT_VERSION = 5.0;
				TARGETED_DEVICE_FAMILY = "1,2";
			};
			name = Debug;
		};
		6069BFDD29D69F79004F4D24 /* Release */ = {
			isa = XCBuildConfiguration;
			buildSettings = {
				ASSETCATALOG_COMPILER_APPICON_NAME = AppIcon;
				ASSETCATALOG_COMPILER_GLOBAL_ACCENT_COLOR_NAME = AccentColor;
				CODE_SIGN_STYLE = Automatic;
				CURRENT_PROJECT_VERSION = 1;
				DEVELOPMENT_TEAM = 6YX8RWQNTP;
				GENERATE_INFOPLIST_FILE = YES;
				INFOPLIST_FILE = "Weather api practice/Info.plist";
				INFOPLIST_KEY_UIApplicationSupportsIndirectInputEvents = YES;
				INFOPLIST_KEY_UILaunchStoryboardName = LaunchScreen;
				INFOPLIST_KEY_UISupportedInterfaceOrientations_iPad = "UIInterfaceOrientationPortrait UIInterfaceOrientationPortraitUpsideDown UIInterfaceOrientationLandscapeLeft UIInterfaceOrientationLandscapeRight";
				INFOPLIST_KEY_UISupportedInterfaceOrientations_iPhone = "UIInterfaceOrientationPortrait UIInterfaceOrientationLandscapeLeft UIInterfaceOrientationLandscapeRight";
				LD_RUNPATH_SEARCH_PATHS = (
					"$(inherited)",
					"@executable_path/Frameworks",
				);
				MARKETING_VERSION = 1.0;
				PRODUCT_BUNDLE_IDENTIFIER = "adlet.zhan.Weather-api-practice";
				PRODUCT_NAME = "$(TARGET_NAME)";
				SWIFT_EMIT_LOC_STRINGS = YES;
				SWIFT_VERSION = 5.0;
				TARGETED_DEVICE_FAMILY = "1,2";
			};
			name = Release;
		};
/* End XCBuildConfiguration section */

/* Begin XCConfigurationList section */
		6069BFC229D69F77004F4D24 /* Build configuration list for PBXProject "Weather api practice" */ = {
			isa = XCConfigurationList;
			buildConfigurations = (
				6069BFD929D69F79004F4D24 /* Debug */,
				6069BFDA29D69F79004F4D24 /* Release */,
			);
			defaultConfigurationIsVisible = 0;
			defaultConfigurationName = Release;
		};
		6069BFDB29D69F79004F4D24 /* Build configuration list for PBXNativeTarget "Weather api practice" */ = {
			isa = XCConfigurationList;
			buildConfigurations = (
				6069BFDC29D69F79004F4D24 /* Debug */,
				6069BFDD29D69F79004F4D24 /* Release */,
			);
			defaultConfigurationIsVisible = 0;
			defaultConfigurationName = Release;
		};
/* End XCConfigurationList section */

/* Begin XCRemoteSwiftPackageReference section */
		6069BFDE29D6A151004F4D24 /* XCRemoteSwiftPackageReference "SnapKit" */ = {
			isa = XCRemoteSwiftPackageReference;
			repositoryURL = "https://github.com/SnapKit/SnapKit.git";
			requirement = {
				branch = develop;
				kind = branch;
			};
		};
/* End XCRemoteSwiftPackageReference section */

/* Begin XCSwiftPackageProductDependency section */
		6069BFDF29D6A151004F4D24 /* SnapKit */ = {
			isa = XCSwiftPackageProductDependency;
			package = 6069BFDE29D6A151004F4D24 /* XCRemoteSwiftPackageReference "SnapKit" */;
			productName = SnapKit;
		};
/* End XCSwiftPackageProductDependency section */
	};
	rootObject = 6069BFBF29D69F77004F4D24 /* Project object */;
}
